
Microsoft Visual Studio Solution File, Format Version 12.00
# Visual Studio Version 17
VisualStudioVersion = 17.9.34902.65
MinimumVisualStudioVersion = 10.0.40219.1
Project("{2150E333-8FDC-42A3-9474-1A3956D46DE8}") = "Services", "Services", "{FB3DA94B-8AD7-48F1-8587-6712CFF827D2}"
EndProject
Project("{2150E333-8FDC-42A3-9474-1A3956D46DE8}") = "Catalog", "Catalog", "{3E2BBC50-0FD4-4D27-9BE1-45F854537767}"
EndProject
Project("{9A19103F-16F7-4668-BE54-9A1E7A4F7556}") = "MultiShop.Catalog", "MultiShop.Catalog\MultiShop.Catalog.csproj", "{834BD125-7159-4C8D-9D0F-4D596320AED5}"
EndProject
Project("{2150E333-8FDC-42A3-9474-1A3956D46DE8}") = "Discount", "Discount", "{F035BDA2-7FD0-42C5-A9D4-F2818FF6803D}"
EndProject
Project("{9A19103F-16F7-4668-BE54-9A1E7A4F7556}") = "MultiShop.Discount", "Services\Discount\MultiShop.Discount\MultiShop.Discount.csproj", "{C208A60E-5D60-433A-AFEC-4ADE32E1004B}"
EndProject
Project("{2150E333-8FDC-42A3-9474-1A3956D46DE8}") = "Order", "Order", "{7D95DB5C-51BB-48B6-AEE5-114BE945A79A}"
EndProject
Project("{2150E333-8FDC-42A3-9474-1A3956D46DE8}") = "Core", "Core", "{B70B3277-94A4-4AA4-80ED-73CB424C931B}"
EndProject
Project("{2150E333-8FDC-42A3-9474-1A3956D46DE8}") = "Infrastructure", "Infrastructure", "{9A542547-8CD5-43B3-B50A-C4ACC452B653}"
EndProject
Project("{2150E333-8FDC-42A3-9474-1A3956D46DE8}") = "Presentation", "Presentation", "{2DEFB507-C4DF-446E-8D02-4F1D5DE30AF4}"
EndProject
Project("{9A19103F-16F7-4668-BE54-9A1E7A4F7556}") = "MultiShop.Order.Domain", "Services\Order\Core\MultiShop.Order.Domain\MultiShop.Order.Domain.csproj", "{A25951A3-FF81-4724-8093-7F8A33276C33}"
EndProject
Project("{9A19103F-16F7-4668-BE54-9A1E7A4F7556}") = "MultiShop.Order.Application", "Services\Order\Core\MultiShop.Order.Application\MultiShop.Order.Application.csproj", "{EB795186-BE4C-48A7-AC3C-7A03053E38D8}"
EndProject
Project("{9A19103F-16F7-4668-BE54-9A1E7A4F7556}") = "MultiShop.Order.Persistence", "Services\Order\Intfrastructure\MultiShop.Order.Persistence\MultiShop.Order.Persistence.csproj", "{F340B140-68C9-4654-A8DF-7FDB5316D2A0}"
EndProject
Project("{9A19103F-16F7-4668-BE54-9A1E7A4F7556}") = "MultiShop.Order.WebApi", "Services\Order\Presentation\MultiShop.Order.WebApi\MultiShop.Order.WebApi.csproj", "{A0A6001C-BC82-4978-8955-70C68F31B0C3}"
EndProject
Project("{2150E333-8FDC-42A3-9474-1A3956D46DE8}") = "IdentityServer", "IdentityServer", "{12AD7F99-1A03-41F8-B9C5-7C57E5043F09}"
EndProject
Project("{9A19103F-16F7-4668-BE54-9A1E7A4F7556}") = "MultiShop.IdentityServer", "IdentityServer\MultiShop.IdentityServer\MultiShop.IdentityServer.csproj", "{1E3939DA-FACA-4DB1-A22E-37689BB2BE92}"
EndProject
Project("{2150E333-8FDC-42A3-9474-1A3956D46DE8}") = "Requirements", "Requirements", "{1A432CBC-0027-4E02-B6F1-02FA6E38CBF0}"
	ProjectSection(SolutionItems) = preProject
		IdentityServerVersionErrorSolution.txt = IdentityServerVersionErrorSolution.txt
		PortainerCmd.txt = PortainerCmd.txt
		PortNumbers.txt = PortNumbers.txt
	EndProjectSection
EndProject
Project("{2150E333-8FDC-42A3-9474-1A3956D46DE8}") = "Cargo", "Cargo", "{3DDDEBB4-B6E3-4AA8-BEDC-EB94E0B286A6}"
EndProject
Project("{9A19103F-16F7-4668-BE54-9A1E7A4F7556}") = "MultiShop.Cargo.EntityLayer", "Services\Cargo\MultiShop.Cargo.EntityLayer\MultiShop.Cargo.EntityLayer.csproj", "{032B8D03-BC85-47A2-8C3A-EFA1AE6FF9EA}"
EndProject
Project("{9A19103F-16F7-4668-BE54-9A1E7A4F7556}") = "MultiShop.Cargo.BusinessLayer", "Services\Cargo\MultiShop.Cargo.BusinessLayer\MultiShop.Cargo.BusinessLayer.csproj", "{B926D1DE-238D-49B4-BB8A-02F4952D82B7}"
EndProject
Project("{9A19103F-16F7-4668-BE54-9A1E7A4F7556}") = "MultiShop.Cargo.DataAccessLayer", "Services\Cargo\MultiShop.Cargo.DataAccessLayer\MultiShop.Cargo.DataAccessLayer.csproj", "{CA2ED89F-0AE0-4270-B71C-51A028EAD45D}"
EndProject
Project("{9A19103F-16F7-4668-BE54-9A1E7A4F7556}") = "MultiShop.Cargo.DtoLayer", "Services\Cargo\MultiShop.Cargo.DtoLayer\MultiShop.Cargo.DtoLayer.csproj", "{33BB8520-72C4-40F4-8485-1BF6D501F588}"
EndProject
Project("{9A19103F-16F7-4668-BE54-9A1E7A4F7556}") = "MultiShop.Cargo.WebApi", "Services\Cargo\MultiShop.Cargo.WebApi\MultiShop.Cargo.WebApi.csproj", "{F72C1CDB-B644-4D8F-8CD5-2B9836DFDD87}"
EndProject
Project("{2150E333-8FDC-42A3-9474-1A3956D46DE8}") = "Basket", "Basket", "{21F0417B-8C81-4051-A931-91EBFA73ED00}"
EndProject
Project("{FAE04EC0-301F-11D3-BF4B-00C04F79EFBC}") = "MultiShop.Basket", "Services\Basket\MultiShop.Basket\MultiShop.Basket.csproj", "{F6304436-56AC-4FA5-BC2D-1B13099F49BD}"
EndProject
Project("{2150E333-8FDC-42A3-9474-1A3956D46DE8}") = "FrontEnds", "FrontEnds", "{332A78C8-9EE5-4FBB-B2FA-F3DFAE92095D}"
EndProject
Project("{FAE04EC0-301F-11D3-BF4B-00C04F79EFBC}") = "MultiShop.WebUI", "Frontend\MultiShop.WebUI\MultiShop.WebUI.csproj", "{4A7C7B23-061E-4933-8A64-A648F6FCD162}"
EndProject
Global
	GlobalSection(SolutionConfigurationPlatforms) = preSolution
		Debug|Any CPU = Debug|Any CPU
		Release|Any CPU = Release|Any CPU
	EndGlobalSection
	GlobalSection(ProjectConfigurationPlatforms) = postSolution
		{834BD125-7159-4C8D-9D0F-4D596320AED5}.Debug|Any CPU.ActiveCfg = Debug|Any CPU
		{834BD125-7159-4C8D-9D0F-4D596320AED5}.Debug|Any CPU.Build.0 = Debug|Any CPU
		{834BD125-7159-4C8D-9D0F-4D596320AED5}.Release|Any CPU.ActiveCfg = Release|Any CPU
		{834BD125-7159-4C8D-9D0F-4D596320AED5}.Release|Any CPU.Build.0 = Release|Any CPU
		{C208A60E-5D60-433A-AFEC-4ADE32E1004B}.Debug|Any CPU.ActiveCfg = Debug|Any CPU
		{C208A60E-5D60-433A-AFEC-4ADE32E1004B}.Debug|Any CPU.Build.0 = Debug|Any CPU
		{C208A60E-5D60-433A-AFEC-4ADE32E1004B}.Release|Any CPU.ActiveCfg = Release|Any CPU
		{C208A60E-5D60-433A-AFEC-4ADE32E1004B}.Release|Any CPU.Build.0 = Release|Any CPU
		{A25951A3-FF81-4724-8093-7F8A33276C33}.Debug|Any CPU.ActiveCfg = Debug|Any CPU
		{A25951A3-FF81-4724-8093-7F8A33276C33}.Debug|Any CPU.Build.0 = Debug|Any CPU
		{A25951A3-FF81-4724-8093-7F8A33276C33}.Release|Any CPU.ActiveCfg = Release|Any CPU
		{A25951A3-FF81-4724-8093-7F8A33276C33}.Release|Any CPU.Build.0 = Release|Any CPU
		{EB795186-BE4C-48A7-AC3C-7A03053E38D8}.Debug|Any CPU.ActiveCfg = Debug|Any CPU
		{EB795186-BE4C-48A7-AC3C-7A03053E38D8}.Debug|Any CPU.Build.0 = Debug|Any CPU
		{EB795186-BE4C-48A7-AC3C-7A03053E38D8}.Release|Any CPU.ActiveCfg = Release|Any CPU
		{EB795186-BE4C-48A7-AC3C-7A03053E38D8}.Release|Any CPU.Build.0 = Release|Any CPU
		{F340B140-68C9-4654-A8DF-7FDB5316D2A0}.Debug|Any CPU.ActiveCfg = Debug|Any CPU
		{F340B140-68C9-4654-A8DF-7FDB5316D2A0}.Debug|Any CPU.Build.0 = Debug|Any CPU
		{F340B140-68C9-4654-A8DF-7FDB5316D2A0}.Release|Any CPU.ActiveCfg = Release|Any CPU
		{F340B140-68C9-4654-A8DF-7FDB5316D2A0}.Release|Any CPU.Build.0 = Release|Any CPU
		{A0A6001C-BC82-4978-8955-70C68F31B0C3}.Debug|Any CPU.ActiveCfg = Debug|Any CPU
		{A0A6001C-BC82-4978-8955-70C68F31B0C3}.Debug|Any CPU.Build.0 = Debug|Any CPU
		{A0A6001C-BC82-4978-8955-70C68F31B0C3}.Release|Any CPU.ActiveCfg = Release|Any CPU
		{A0A6001C-BC82-4978-8955-70C68F31B0C3}.Release|Any CPU.Build.0 = Release|Any CPU
		{1E3939DA-FACA-4DB1-A22E-37689BB2BE92}.Debug|Any CPU.ActiveCfg = Debug|Any CPU
		{1E3939DA-FACA-4DB1-A22E-37689BB2BE92}.Debug|Any CPU.Build.0 = Debug|Any CPU
		{1E3939DA-FACA-4DB1-A22E-37689BB2BE92}.Release|Any CPU.ActiveCfg = Release|Any CPU
		{1E3939DA-FACA-4DB1-A22E-37689BB2BE92}.Release|Any CPU.Build.0 = Release|Any CPU
		{032B8D03-BC85-47A2-8C3A-EFA1AE6FF9EA}.Debug|Any CPU.ActiveCfg = Debug|Any CPU
		{032B8D03-BC85-47A2-8C3A-EFA1AE6FF9EA}.Debug|Any CPU.Build.0 = Debug|Any CPU
		{032B8D03-BC85-47A2-8C3A-EFA1AE6FF9EA}.Release|Any CPU.ActiveCfg = Release|Any CPU
		{032B8D03-BC85-47A2-8C3A-EFA1AE6FF9EA}.Release|Any CPU.Build.0 = Release|Any CPU
		{B926D1DE-238D-49B4-BB8A-02F4952D82B7}.Debug|Any CPU.ActiveCfg = Debug|Any CPU
		{B926D1DE-238D-49B4-BB8A-02F4952D82B7}.Debug|Any CPU.Build.0 = Debug|Any CPU
		{B926D1DE-238D-49B4-BB8A-02F4952D82B7}.Release|Any CPU.ActiveCfg = Release|Any CPU
		{B926D1DE-238D-49B4-BB8A-02F4952D82B7}.Release|Any CPU.Build.0 = Release|Any CPU
		{CA2ED89F-0AE0-4270-B71C-51A028EAD45D}.Debug|Any CPU.ActiveCfg = Debug|Any CPU
		{CA2ED89F-0AE0-4270-B71C-51A028EAD45D}.Debug|Any CPU.Build.0 = Debug|Any CPU
		{CA2ED89F-0AE0-4270-B71C-51A028EAD45D}.Release|Any CPU.ActiveCfg = Release|Any CPU
		{CA2ED89F-0AE0-4270-B71C-51A028EAD45D}.Release|Any CPU.Build.0 = Release|Any CPU
		{33BB8520-72C4-40F4-8485-1BF6D501F588}.Debug|Any CPU.ActiveCfg = Debug|Any CPU
		{33BB8520-72C4-40F4-8485-1BF6D501F588}.Debug|Any CPU.Build.0 = Debug|Any CPU
		{33BB8520-72C4-40F4-8485-1BF6D501F588}.Release|Any CPU.ActiveCfg = Release|Any CPU
		{33BB8520-72C4-40F4-8485-1BF6D501F588}.Release|Any CPU.Build.0 = Release|Any CPU
		{F72C1CDB-B644-4D8F-8CD5-2B9836DFDD87}.Debug|Any CPU.ActiveCfg = Debug|Any CPU
		{F72C1CDB-B644-4D8F-8CD5-2B9836DFDD87}.Debug|Any CPU.Build.0 = Debug|Any CPU
		{F72C1CDB-B644-4D8F-8CD5-2B9836DFDD87}.Release|Any CPU.ActiveCfg = Release|Any CPU
		{F72C1CDB-B644-4D8F-8CD5-2B9836DFDD87}.Release|Any CPU.Build.0 = Release|Any CPU
		{F6304436-56AC-4FA5-BC2D-1B13099F49BD}.Debug|Any CPU.ActiveCfg = Debug|Any CPU
		{F6304436-56AC-4FA5-BC2D-1B13099F49BD}.Debug|Any CPU.Build.0 = Debug|Any CPU
		{F6304436-56AC-4FA5-BC2D-1B13099F49BD}.Release|Any CPU.ActiveCfg = Release|Any CPU
		{F6304436-56AC-4FA5-BC2D-1B13099F49BD}.Release|Any CPU.Build.0 = Release|Any CPU
		{4A7C7B23-061E-4933-8A64-A648F6FCD162}.Debug|Any CPU.ActiveCfg = Debug|Any CPU
		{4A7C7B23-061E-4933-8A64-A648F6FCD162}.Debug|Any CPU.Build.0 = Debug|Any CPU
		{4A7C7B23-061E-4933-8A64-A648F6FCD162}.Release|Any CPU.ActiveCfg = Release|Any CPU
		{4A7C7B23-061E-4933-8A64-A648F6FCD162}.Release|Any CPU.Build.0 = Release|Any CPU
	EndGlobalSection
	GlobalSection(SolutionProperties) = preSolution
		HideSolutionNode = FALSE
	EndGlobalSection
	GlobalSection(NestedProjects) = preSolution
		{3E2BBC50-0FD4-4D27-9BE1-45F854537767} = {FB3DA94B-8AD7-48F1-8587-6712CFF827D2}
		{834BD125-7159-4C8D-9D0F-4D596320AED5} = {3E2BBC50-0FD4-4D27-9BE1-45F854537767}
		{F035BDA2-7FD0-42C5-A9D4-F2818FF6803D} = {FB3DA94B-8AD7-48F1-8587-6712CFF827D2}
		{C208A60E-5D60-433A-AFEC-4ADE32E1004B} = {F035BDA2-7FD0-42C5-A9D4-F2818FF6803D}
		{7D95DB5C-51BB-48B6-AEE5-114BE945A79A} = {FB3DA94B-8AD7-48F1-8587-6712CFF827D2}
		{B70B3277-94A4-4AA4-80ED-73CB424C931B} = {7D95DB5C-51BB-48B6-AEE5-114BE945A79A}
		{9A542547-8CD5-43B3-B50A-C4ACC452B653} = {7D95DB5C-51BB-48B6-AEE5-114BE945A79A}
		{2DEFB507-C4DF-446E-8D02-4F1D5DE30AF4} = {7D95DB5C-51BB-48B6-AEE5-114BE945A79A}
		{A25951A3-FF81-4724-8093-7F8A33276C33} = {B70B3277-94A4-4AA4-80ED-73CB424C931B}
		{EB795186-BE4C-48A7-AC3C-7A03053E38D8} = {B70B3277-94A4-4AA4-80ED-73CB424C931B}
		{F340B140-68C9-4654-A8DF-7FDB5316D2A0} = {9A542547-8CD5-43B3-B50A-C4ACC452B653}
		{A0A6001C-BC82-4978-8955-70C68F31B0C3} = {2DEFB507-C4DF-446E-8D02-4F1D5DE30AF4}
		{1E3939DA-FACA-4DB1-A22E-37689BB2BE92} = {12AD7F99-1A03-41F8-B9C5-7C57E5043F09}
		{3DDDEBB4-B6E3-4AA8-BEDC-EB94E0B286A6} = {FB3DA94B-8AD7-48F1-8587-6712CFF827D2}
		{032B8D03-BC85-47A2-8C3A-EFA1AE6FF9EA} = {3DDDEBB4-B6E3-4AA8-BEDC-EB94E0B286A6}
		{B926D1DE-238D-49B4-BB8A-02F4952D82B7} = {3DDDEBB4-B6E3-4AA8-BEDC-EB94E0B286A6}
		{CA2ED89F-0AE0-4270-B71C-51A028EAD45D} = {3DDDEBB4-B6E3-4AA8-BEDC-EB94E0B286A6}
		{33BB8520-72C4-40F4-8485-1BF6D501F588} = {3DDDEBB4-B6E3-4AA8-BEDC-EB94E0B286A6}
		{F72C1CDB-B644-4D8F-8CD5-2B9836DFDD87} = {3DDDEBB4-B6E3-4AA8-BEDC-EB94E0B286A6}
		{21F0417B-8C81-4051-A931-91EBFA73ED00} = {FB3DA94B-8AD7-48F1-8587-6712CFF827D2}
		{F6304436-56AC-4FA5-BC2D-1B13099F49BD} = {21F0417B-8C81-4051-A931-91EBFA73ED00}
		{4A7C7B23-061E-4933-8A64-A648F6FCD162} = {332A78C8-9EE5-4FBB-B2FA-F3DFAE92095D}
	EndGlobalSection
	GlobalSection(ExtensibilityGlobals) = postSolution
		SolutionGuid = {6CEC4681-D9FB-46A5-82DE-0C3DFA103422}
	EndGlobalSection
EndGlobal
